// !$*UTF8*$!
{
	archiveVersion = 1;
	classes = {
	};
	objectVersion = 50;
	objects = {

/* Begin PBXBuildFile section */
		92050B4624E1CAD90060171E /* AppDelegate.swift in Sources */ = {isa = PBXBuildFile; fileRef = 92050B4524E1CAD90060171E /* AppDelegate.swift */; };
		92050B4824E1CAD90060171E /* SceneDelegate.swift in Sources */ = {isa = PBXBuildFile; fileRef = 92050B4724E1CAD90060171E /* SceneDelegate.swift */; };
		92050B4A24E1CAD90060171E /* ViewController.swift in Sources */ = {isa = PBXBuildFile; fileRef = 92050B4924E1CAD90060171E /* ViewController.swift */; };
		92050B4D24E1CAD90060171E /* Main.storyboard in Resources */ = {isa = PBXBuildFile; fileRef = 92050B4B24E1CAD90060171E /* Main.storyboard */; };
		92050B5024E1CAD90060171E /* Storing_Defualt_Values.xcdatamodeld in Sources */ = {isa = PBXBuildFile; fileRef = 92050B4E24E1CAD90060171E /* Storing_Defualt_Values.xcdatamodeld */; };
		92050B5224E1CADB0060171E /* Assets.xcassets in Resources */ = {isa = PBXBuildFile; fileRef = 92050B5124E1CADB0060171E /* Assets.xcassets */; };
		92050B5524E1CADB0060171E /* LaunchScreen.storyboard in Resources */ = {isa = PBXBuildFile; fileRef = 92050B5324E1CADB0060171E /* LaunchScreen.storyboard */; };
		92050B6024E1CADB0060171E /* Storing_Defualt_ValuesTests.swift in Sources */ = {isa = PBXBuildFile; fileRef = 92050B5F24E1CADB0060171E /* Storing_Defualt_ValuesTests.swift */; };
		92050B6B24E1CADB0060171E /* Storing_Defualt_ValuesUITests.swift in Sources */ = {isa = PBXBuildFile; fileRef = 92050B6A24E1CADB0060171E /* Storing_Defualt_ValuesUITests.swift */; };
		92050B7924E1CD900060171E /* Screen Shot 2020-08-10 at 1.45.53 PM.png in Resources */ = {isa = PBXBuildFile; fileRef = 92050B7824E1CD900060171E /* Screen Shot 2020-08-10 at 1.45.53 PM.png */; };
/* End PBXBuildFile section */

/* Begin PBXContainerItemProxy section */
		92050B5C24E1CADB0060171E /* PBXContainerItemProxy */ = {
			isa = PBXContainerItemProxy;
			containerPortal = 92050B3A24E1CAD90060171E /* Project object */;
			proxyType = 1;
			remoteGlobalIDString = 92050B4124E1CAD90060171E;
			remoteInfo = "Storing Defualt Values";
		};
		92050B6724E1CADB0060171E /* PBXContainerItemProxy */ = {
			isa = PBXContainerItemProxy;
			containerPortal = 92050B3A24E1CAD90060171E /* Project object */;
			proxyType = 1;
			remoteGlobalIDString = 92050B4124E1CAD90060171E;
			remoteInfo = "Storing Defualt Values";
		};
/* End PBXContainerItemProxy section */

/* Begin PBXFileReference section */
		92050B4224E1CAD90060171E /* Storing Defualt Values.app */ = {isa = PBXFileReference; explicitFileType = wrapper.application; includeInIndex = 0; path = "Storing Defualt Values.app"; sourceTree = BUILT_PRODUCTS_DIR; };
		92050B4524E1CAD90060171E /* AppDelegate.swift */ = {isa = PBXFileReference; lastKnownFileType = sourcecode.swift; path = AppDelegate.swift; sourceTree = "<group>"; };
		92050B4724E1CAD90060171E /* SceneDelegate.swift */ = {isa = PBXFileReference; lastKnownFileType = sourcecode.swift; path = SceneDelegate.swift; sourceTree = "<group>"; };
		92050B4924E1CAD90060171E /* ViewController.swift */ = {isa = PBXFileReference; lastKnownFileType = sourcecode.swift; path = ViewController.swift; sourceTree = "<group>"; };
		92050B4C24E1CAD90060171E /* Base */ = {isa = PBXFileReference; lastKnownFileType = file.storyboard; name = Base; path = Base.lproj/Main.storyboard; sourceTree = "<group>"; };
		92050B4F24E1CAD90060171E /* Storing_Defualt_Values.xcdatamodel */ = {isa = PBXFileReference; lastKnownFileType = wrapper.xcdatamodel; path = Storing_Defualt_Values.xcdatamodel; sourceTree = "<group>"; };
		92050B5124E1CADB0060171E /* Assets.xcassets */ = {isa = PBXFileReference; lastKnownFileType = folder.assetcatalog; path = Assets.xcassets; sourceTree = "<group>"; };
		92050B5424E1CADB0060171E /* Base */ = {isa = PBXFileReference; lastKnownFileType = file.storyboard; name = Base; path = Base.lproj/LaunchScreen.storyboard; sourceTree = "<group>"; };
		92050B5624E1CADB0060171E /* Info.plist */ = {isa = PBXFileReference; lastKnownFileType = text.plist.xml; path = Info.plist; sourceTree = "<group>"; };
		92050B5B24E1CADB0060171E /* Storing Defualt ValuesTests.xctest */ = {isa = PBXFileReference; explicitFileType = wrapper.cfbundle; includeInIndex = 0; path = "Storing Defualt ValuesTests.xctest"; sourceTree = BUILT_PRODUCTS_DIR; };
		92050B5F24E1CADB0060171E /* Storing_Defualt_ValuesTests.swift */ = {isa = PBXFileReference; lastKnownFileType = sourcecode.swift; path = Storing_Defualt_ValuesTests.swift; sourceTree = "<group>"; };
		92050B6124E1CADB0060171E /* Info.plist */ = {isa = PBXFileReference; lastKnownFileType = text.plist.xml; path = Info.plist; sourceTree = "<group>"; };
		92050B6624E1CADB0060171E /* Storing Defualt ValuesUITests.xctest */ = {isa = PBXFileReference; explicitFileType = wrapper.cfbundle; includeInIndex = 0; path = "Storing Defualt ValuesUITests.xctest"; sourceTree = BUILT_PRODUCTS_DIR; };
		92050B6A24E1CADB0060171E /* Storing_Defualt_ValuesUITests.swift */ = {isa = PBXFileReference; lastKnownFileType = sourcecode.swift; path = Storing_Defualt_ValuesUITests.swift; sourceTree = "<group>"; };
		92050B6C24E1CADB0060171E /* Info.plist */ = {isa = PBXFileReference; lastKnownFileType = text.plist.xml; path = Info.plist; sourceTree = "<group>"; };
		92050B7824E1CD900060171E /* Screen Shot 2020-08-10 at 1.45.53 PM.png */ = {isa = PBXFileReference; lastKnownFileType = image.png; path = "Screen Shot 2020-08-10 at 1.45.53 PM.png"; sourceTree = "<group>"; };
/* End PBXFileReference section */

/* Begin PBXFrameworksBuildPhase section */
		92050B3F24E1CAD90060171E /* Frameworks */ = {
			isa = PBXFrameworksBuildPhase;
			buildActionMask = 2147483647;
			files = (
			);
			runOnlyForDeploymentPostprocessing = 0;
		};
		92050B5824E1CADB0060171E /* Frameworks */ = {
			isa = PBXFrameworksBuildPhase;
			buildActionMask = 2147483647;
			files = (
			);
			runOnlyForDeploymentPostprocessing = 0;
		};
		92050B6324E1CADB0060171E /* Frameworks */ = {
			isa = PBXFrameworksBuildPhase;
			buildActionMask = 2147483647;
			files = (
			);
			runOnlyForDeploymentPostprocessing = 0;
		};
/* End PBXFrameworksBuildPhase section */

/* Begin PBXGroup section */
		92050B3924E1CAD90060171E = {
			isa = PBXGroup;
			children = (
				92050B4424E1CAD90060171E /* Storing Defualt Values */,
				92050B5E24E1CADB0060171E /* Storing Defualt ValuesTests */,
				92050B6924E1CADB0060171E /* Storing Defualt ValuesUITests */,
				92050B4324E1CAD90060171E /* Products */,
			);
			sourceTree = "<group>";
		};
		92050B4324E1CAD90060171E /* Products */ = {
			isa = PBXGroup;
			children = (
				92050B4224E1CAD90060171E /* Storing Defualt Values.app */,
				92050B5B24E1CADB0060171E /* Storing Defualt ValuesTests.xctest */,
				92050B6624E1CADB0060171E /* Storing Defualt ValuesUITests.xctest */,
			);
			name = Products;
			sourceTree = "<group>";
		};
		92050B4424E1CAD90060171E /* Storing Defualt Values */ = {
			isa = PBXGroup;
			children = (
				92050B7824E1CD900060171E /* Screen Shot 2020-08-10 at 1.45.53 PM.png */,
				92050B4524E1CAD90060171E /* AppDelegate.swift */,
				92050B4724E1CAD90060171E /* SceneDelegate.swift */,
				92050B4924E1CAD90060171E /* ViewController.swift */,
				92050B4B24E1CAD90060171E /* Main.storyboard */,
				92050B5124E1CADB0060171E /* Assets.xcassets */,
				92050B5324E1CADB0060171E /* LaunchScreen.storyboard */,
				92050B5624E1CADB0060171E /* Info.plist */,
				92050B4E24E1CAD90060171E /* Storing_Defualt_Values.xcdatamodeld */,
			);
			path = "Storing Defualt Values";
			sourceTree = "<group>";
		};
		92050B5E24E1CADB0060171E /* Storing Defualt ValuesTests */ = {
			isa = PBXGroup;
			children = (
				92050B5F24E1CADB0060171E /* Storing_Defualt_ValuesTests.swift */,
				92050B6124E1CADB0060171E /* Info.plist */,
			);
			path = "Storing Defualt ValuesTests";
			sourceTree = "<group>";
		};
		92050B6924E1CADB0060171E /* Storing Defualt ValuesUITests */ = {
			isa = PBXGroup;
			children = (
				92050B6A24E1CADB0060171E /* Storing_Defualt_ValuesUITests.swift */,
				92050B6C24E1CADB0060171E /* Info.plist */,
			);
			path = "Storing Defualt ValuesUITests";
			sourceTree = "<group>";
		};
/* End PBXGroup section */

/* Begin PBXNativeTarget section */
		92050B4124E1CAD90060171E /* Storing Defualt Values */ = {
			isa = PBXNativeTarget;
			buildConfigurationList = 92050B6F24E1CADB0060171E /* Build configuration list for PBXNativeTarget "Storing Defualt Values" */;
			buildPhases = (
				92050B3E24E1CAD90060171E /* Sources */,
				92050B3F24E1CAD90060171E /* Frameworks */,
				92050B4024E1CAD90060171E /* Resources */,
			);
			buildRules = (
			);
			dependencies = (
			);
			name = "Storing Defualt Values";
			productName = "Storing Defualt Values";
			productReference = 92050B4224E1CAD90060171E /* Storing Defualt Values.app */;
			productType = "com.apple.product-type.application";
		};
		92050B5A24E1CADB0060171E /* Storing Defualt ValuesTests */ = {
			isa = PBXNativeTarget;
			buildConfigurationList = 92050B7224E1CADB0060171E /* Build configuration list for PBXNativeTarget "Storing Defualt ValuesTests" */;
			buildPhases = (
				92050B5724E1CADB0060171E /* Sources */,
				92050B5824E1CADB0060171E /* Frameworks */,
				92050B5924E1CADB0060171E /* Resources */,
			);
			buildRules = (
			);
			dependencies = (
				92050B5D24E1CADB0060171E /* PBXTargetDependency */,
			);
			name = "Storing Defualt ValuesTests";
			productName = "Storing Defualt ValuesTests";
			productReference = 92050B5B24E1CADB0060171E /* Storing Defualt ValuesTests.xctest */;
			productType = "com.apple.product-type.bundle.unit-test";
		};
		92050B6524E1CADB0060171E /* Storing Defualt ValuesUITests */ = {
			isa = PBXNativeTarget;
			buildConfigurationList = 92050B7524E1CADB0060171E /* Build configuration list for PBXNativeTarget "Storing Defualt ValuesUITests" */;
			buildPhases = (
				92050B6224E1CADB0060171E /* Sources */,
				92050B6324E1CADB0060171E /* Frameworks */,
				92050B6424E1CADB0060171E /* Resources */,
			);
			buildRules = (
			);
			dependencies = (
				92050B6824E1CADB0060171E /* PBXTargetDependency */,
			);
			name = "Storing Defualt ValuesUITests";
			productName = "Storing Defualt ValuesUITests";
			productReference = 92050B6624E1CADB0060171E /* Storing Defualt ValuesUITests.xctest */;
			productType = "com.apple.product-type.bundle.ui-testing";
		};
/* End PBXNativeTarget section */

/* Begin PBXProject section */
		92050B3A24E1CAD90060171E /* Project object */ = {
			isa = PBXProject;
			attributes = {
				LastSwiftUpdateCheck = 1150;
				LastUpgradeCheck = 1150;
				ORGANIZATIONNAME = "Cristobal Romero";
				TargetAttributes = {
					92050B4124E1CAD90060171E = {
						CreatedOnToolsVersion = 11.5;
					};
					92050B5A24E1CADB0060171E = {
						CreatedOnToolsVersion = 11.5;
						TestTargetID = 92050B4124E1CAD90060171E;
					};
					92050B6524E1CADB0060171E = {
						CreatedOnToolsVersion = 11.5;
						TestTargetID = 92050B4124E1CAD90060171E;
					};
				};
			};
			buildConfigurationList = 92050B3D24E1CAD90060171E /* Build configuration list for PBXProject "Storing Defualt Values" */;
			compatibilityVersion = "Xcode 9.3";
			developmentRegion = en;
			hasScannedForEncodings = 0;
			knownRegions = (
				en,
				Base,
			);
			mainGroup = 92050B3924E1CAD90060171E;
			productRefGroup = 92050B4324E1CAD90060171E /* Products */;
			projectDirPath = "";
			projectRoot = "";
			targets = (
				92050B4124E1CAD90060171E /* Storing Defualt Values */,
				92050B5A24E1CADB0060171E /* Storing Defualt ValuesTests */,
				92050B6524E1CADB0060171E /* Storing Defualt ValuesUITests */,
			);
		};
/* End PBXProject section */

/* Begin PBXResourcesBuildPhase section */
		92050B4024E1CAD90060171E /* Resources */ = {
			isa = PBXResourcesBuildPhase;
			buildActionMask = 2147483647;
			files = (
				92050B7924E1CD900060171E /* Screen Shot 2020-08-10 at 1.45.53 PM.png in Resources */,
				92050B5524E1CADB0060171E /* LaunchScreen.storyboard in Resources */,
				92050B5224E1CADB0060171E /* Assets.xcassets in Resources */,
				92050B4D24E1CAD90060171E /* Main.storyboard in Resources */,
			);
			runOnlyForDeploymentPostprocessing = 0;
		};
		92050B5924E1CADB0060171E /* Resources */ = {
			isa = PBXResourcesBuildPhase;
			buildActionMask = 2147483647;
			files = (
			);
			runOnlyForDeploymentPostprocessing = 0;
		};
		92050B6424E1CADB0060171E /* Resources */ = {
			isa = PBXResourcesBuildPhase;
			buildActionMask = 2147483647;
			files = (
			);
			runOnlyForDeploymentPostprocessing = 0;
		};
/* End PBXResourcesBuildPhase section */

/* Begin PBXSourcesBuildPhase section */
		92050B3E24E1CAD90060171E /* Sources */ = {
			isa = PBXSourcesBuildPhase;
			buildActionMask = 2147483647;
			files = (
				92050B5024E1CAD90060171E /* Storing_Defualt_Values.xcdatamodeld in Sources */,
				92050B4A24E1CAD90060171E /* ViewController.swift in Sources */,
				92050B4624E1CAD90060171E /* AppDelegate.swift in Sources */,
				92050B4824E1CAD90060171E /* SceneDelegate.swift in Sources */,
			);
			runOnlyForDeploymentPostprocessing = 0;
		};
		92050B5724E1CADB0060171E /* Sources */ = {
			isa = PBXSourcesBuildPhase;
			buildActionMask = 2147483647;
			files = (
				92050B6024E1CADB0060171E /* Storing_Defualt_ValuesTests.swift in Sources */,
			);
			runOnlyForDeploymentPostprocessing = 0;
		};
		92050B6224E1CADB0060171E /* Sources */ = {
			isa = PBXSourcesBuildPhase;
			buildActionMask = 2147483647;
			files = (
				92050B6B24E1CADB0060171E /* Storing_Defualt_ValuesUITests.swift in Sources */,
			);
			runOnlyForDeploymentPostprocessing = 0;
		};
/* End PBXSourcesBuildPhase section */

/* Begin PBXTargetDependency section */
		92050B5D24E1CADB0060171E /* PBXTargetDependency */ = {
			isa = PBXTargetDependency;
			target = 92050B4124E1CAD90060171E /* Storing Defualt Values */;
			targetProxy = 92050B5C24E1CADB0060171E /* PBXContainerItemProxy */;
		};
		92050B6824E1CADB0060171E /* PBXTargetDependency */ = {
			isa = PBXTargetDependency;
			target = 92050B4124E1CAD90060171E /* Storing Defualt Values */;
			targetProxy = 92050B6724E1CADB0060171E /* PBXContainerItemProxy */;
		};
/* End PBXTargetDependency section */

/* Begin PBXVariantGroup section */
		92050B4B24E1CAD90060171E /* Main.storyboard */ = {
			isa = PBXVariantGroup;
			children = (
				92050B4C24E1CAD90060171E /* Base */,
			);
			name = Main.storyboard;
			sourceTree = "<group>";
		};
		92050B5324E1CADB0060171E /* LaunchScreen.storyboard */ = {
			isa = PBXVariantGroup;
			children = (
				92050B5424E1CADB0060171E /* Base */,
			);
			name = LaunchScreen.storyboard;
			sourceTree = "<group>";
		};
/* End PBXVariantGroup section */

/* Begin XCBuildConfiguration section */
		92050B6D24E1CADB0060171E /* Debug */ = {
			isa = XCBuildConfiguration;
			buildSettings = {
				ALWAYS_SEARCH_USER_PATHS = NO;
				CLANG_ANALYZER_NONNULL = YES;
				CLANG_ANALYZER_NUMBER_OBJECT_CONVERSION = YES_AGGRESSIVE;
				CLANG_CXX_LANGUAGE_STANDARD = "gnu++14";
				CLANG_CXX_LIBRARY = "libc++";
				CLANG_ENABLE_MODULES = YES;
				CLANG_ENABLE_OBJC_ARC = YES;
				CLANG_ENABLE_OBJC_WEAK = YES;
				CLANG_WARN_BLOCK_CAPTURE_AUTORELEASING = YES;
				CLANG_WARN_BOOL_CONVERSION = YES;
				CLANG_WARN_COMMA = YES;
				CLANG_WARN_CONSTANT_CONVERSION = YES;
				CLANG_WARN_DEPRECATED_OBJC_IMPLEMENTATIONS = YES;
				CLANG_WARN_DIRECT_OBJC_ISA_USAGE = YES_ERROR;
				CLANG_WARN_DOCUMENTATION_COMMENTS = YES;
				CLANG_WARN_EMPTY_BODY = YES;
				CLANG_WARN_ENUM_CONVERSION = YES;
				CLANG_WARN_INFINITE_RECURSION = YES;
				CLANG_WARN_INT_CONVERSION = YES;
				CLANG_WARN_NON_LITERAL_NULL_CONVERSION = YES;
				CLANG_WARN_OBJC_IMPLICIT_RETAIN_SELF = YES;
				CLANG_WARN_OBJC_LITERAL_CONVERSION = YES;
				CLANG_WARN_OBJC_ROOT_CLASS = YES_ERROR;
				CLANG_WARN_RANGE_LOOP_ANALYSIS = YES;
				CLANG_WARN_STRICT_PROTOTYPES = YES;
				CLANG_WARN_SUSPICIOUS_MOVE = YES;
				CLANG_WARN_UNGUARDED_AVAILABILITY = YES_AGGRESSIVE;
				CLANG_WARN_UNREACHABLE_CODE = YES;
				CLANG_WARN__DUPLICATE_METHOD_MATCH = YES;
				COPY_PHASE_STRIP = NO;
				DEBUG_INFORMATION_FORMAT = dwarf;
				ENABLE_STRICT_OBJC_MSGSEND = YES;
				ENABLE_TESTABILITY = YES;
				GCC_C_LANGUAGE_STANDARD = gnu11;
				GCC_DYNAMIC_NO_PIC = NO;
				GCC_NO_COMMON_BLOCKS = YES;
				GCC_OPTIMIZATION_LEVEL = 0;
				GCC_PREPROCESSOR_DEFINITIONS = (
					"DEBUG=1",
					"$(inherited)",
				);
				GCC_WARN_64_TO_32_BIT_CONVERSION = YES;
				GCC_WARN_ABOUT_RETURN_TYPE = YES_ERROR;
				GCC_WARN_UNDECLARED_SELECTOR = YES;
				GCC_WARN_UNINITIALIZED_AUTOS = YES_AGGRESSIVE;
				GCC_WARN_UNUSED_FUNCTION = YES;
				GCC_WARN_UNUSED_VARIABLE = YES;
				IPHONEOS_DEPLOYMENT_TARGET = 13.5;
				MTL_ENABLE_DEBUG_INFO = INCLUDE_SOURCE;
				MTL_FAST_MATH = YES;
				ONLY_ACTIVE_ARCH = YES;
				SDKROOT = iphoneos;
				SWIFT_ACTIVE_COMPILATION_CONDITIONS = DEBUG;
				SWIFT_OPTIMIZATION_LEVEL = "-Onone";
			};
			name = Debug;
		};
		92050B6E24E1CADB0060171E /* Release */ = {
			isa = XCBuildConfiguration;
			buildSettings = {
				ALWAYS_SEARCH_USER_PATHS = NO;
				CLANG_ANALYZER_NONNULL = YES;
				CLANG_ANALYZER_NUMBER_OBJECT_CONVERSION = YES_AGGRESSIVE;
				CLANG_CXX_LANGUAGE_STANDARD = "gnu++14";
				CLANG_CXX_LIBRARY = "libc++";
				CLANG_ENABLE_MODULES = YES;
				CLANG_ENABLE_OBJC_ARC = YES;
				CLANG_ENABLE_OBJC_WEAK = YES;
				CLANG_WARN_BLOCK_CAPTURE_AUTORELEASING = YES;
				CLANG_WARN_BOOL_CONVERSION = YES;
				CLANG_WARN_COMMA = YES;
				CLANG_WARN_CONSTANT_CONVERSION = YES;
				CLANG_WARN_DEPRECATED_OBJC_IMPLEMENTATIONS = YES;
				CLANG_WARN_DIRECT_OBJC_ISA_USAGE = YES_ERROR;
				CLANG_WARN_DOCUMENTATION_COMMENTS = YES;
				CLANG_WARN_EMPTY_BODY = YES;
				CLANG_WARN_ENUM_CONVERSION = YES;
				CLANG_WARN_INFINITE_RECURSION = YES;
				CLANG_WARN_INT_CONVERSION = YES;
				CLANG_WARN_NON_LITERAL_NULL_CONVERSION = YES;
				CLANG_WARN_OBJC_IMPLICIT_RETAIN_SELF = YES;
				CLANG_WARN_OBJC_LITERAL_CONVERSION = YES;
				CLANG_WARN_OBJC_ROOT_CLASS = YES_ERROR;
				CLANG_WARN_RANGE_LOOP_ANALYSIS = YES;
				CLANG_WARN_STRICT_PROTOTYPES = YES;
				CLANG_WARN_SUSPICIOUS_MOVE = YES;
				CLANG_WARN_UNGUARDED_AVAILABILITY = YES_AGGRESSIVE;
				CLANG_WARN_UNREACHABLE_CODE = YES;
				CLANG_WARN__DUPLICATE_METHOD_MATCH = YES;
				COPY_PHASE_STRIP = NO;
				DEBUG_INFORMATION_FORMAT = "dwarf-with-dsym";
				ENABLE_NS_ASSERTIONS = NO;
				ENABLE_STRICT_OBJC_MSGSEND = YES;
				GCC_C_LANGUAGE_STANDARD = gnu11;
				GCC_NO_COMMON_BLOCKS = YES;
				GCC_WARN_64_TO_32_BIT_CONVERSION = YES;
				GCC_WARN_ABOUT_RETURN_TYPE = YES_ERROR;
				GCC_WARN_UNDECLARED_SELECTOR = YES;
				GCC_WARN_UNINITIALIZED_AUTOS = YES_AGGRESSIVE;
				GCC_WARN_UNUSED_FUNCTION = YES;
				GCC_WARN_UNUSED_VARIABLE = YES;
				IPHONEOS_DEPLOYMENT_TARGET = 13.5;
				MTL_ENABLE_DEBUG_INFO = NO;
				MTL_FAST_MATH = YES;
				SDKROOT = iphoneos;
				SWIFT_COMPILATION_MODE = wholemodule;
				SWIFT_OPTIMIZATION_LEVEL = "-O";
				VALIDATE_PRODUCT = YES;
			};
			name = Release;
		};
		92050B7024E1CADB0060171E /* Debug */ = {
			isa = XCBuildConfiguration;
			buildSettings = {
				ASSETCATALOG_COMPILER_APPICON_NAME = AppIcon;
				CODE_SIGN_STYLE = Automatic;
				INFOPLIST_FILE = "Storing Defualt Values/Info.plist";
				LD_RUNPATH_SEARCH_PATHS = (
					"$(inherited)",
					"@executable_path/Frameworks",
				);
				PRODUCT_BUNDLE_IDENTIFIER = "com.StoringDefualtValues.Storing-Defualt-Values";
				PRODUCT_NAME = "$(TARGET_NAME)";
				SWIFT_VERSION = 5.0;
				TARGETED_DEVICE_FAMILY = "1,2";
			};
			name = Debug;
		};
		92050B7124E1CADB0060171E /* Release */ = {
			isa = XCBuildConfiguration;
			buildSettings = {
				ASSETCATALOG_COMPILER_APPICON_NAME = AppIcon;
				CODE_SIGN_STYLE = Automatic;
				INFOPLIST_FILE = "Storing Defualt Values/Info.plist";
				LD_RUNPATH_SEARCH_PATHS = (
					"$(inherited)",
					"@executable_path/Frameworks",
				);
				PRODUCT_BUNDLE_IDENTIFIER = "com.StoringDefualtValues.Storing-Defualt-Values";
				PRODUCT_NAME = "$(TARGET_NAME)";
				SWIFT_VERSION = 5.0;
				TARGETED_DEVICE_FAMILY = "1,2";
			};
			name = Release;
		};
		92050B7324E1CADB0060171E /* Debug */ = {
			isa = XCBuildConfiguration;
			buildSettings = {
				ALWAYS_EMBED_SWIFT_STANDARD_LIBRARIES = YES;
				BUNDLE_LOADER = "$(TEST_HOST)";
				CODE_SIGN_STYLE = Automatic;
				INFOPLIST_FILE = "Storing Defualt ValuesTests/Info.plist";
				IPHONEOS_DEPLOYMENT_TARGET = 13.5;
				LD_RUNPATH_SEARCH_PATHS = (
					"$(inherited)",
					"@executable_path/Frameworks",
					"@loader_path/Frameworks",
				);
				PRODUCT_BUNDLE_IDENTIFIER = "com.StoringDefualtValues.Storing-Defualt-ValuesTests";
				PRODUCT_NAME = "$(TARGET_NAME)";
				SWIFT_VERSION = 5.0;
				TARGETED_DEVICE_FAMILY = "1,2";
				TEST_HOST = "$(BUILT_PRODUCTS_DIR)/Storing Defualt Values.app/Storing Defualt Values";
			};
			name = Debug;
		};
		92050B7424E1CADB0060171E /* Release */ = {
			isa = XCBuildConfiguration;
			buildSettings = {
				ALWAYS_EMBED_SWIFT_STANDARD_LIBRARIES = YES;
				BUNDLE_LOADER = "$(TEST_HOST)";
				CODE_SIGN_STYLE = Automatic;
				INFOPLIST_FILE = "Storing Defualt ValuesTests/Info.plist";
				IPHONEOS_DEPLOYMENT_TARGET = 13.5;
				LD_RUNPATH_SEARCH_PATHS = (
					"$(inherited)",
					"@executable_path/Frameworks",
					"@loader_path/Frameworks",
				);
				PRODUCT_BUNDLE_IDENTIFIER = "com.StoringDefualtValues.Storing-Defualt-ValuesTests";
				PRODUCT_NAME = "$(TARGET_NAME)";
				SWIFT_VERSION = 5.0;
				TARGETED_DEVICE_FAMILY = "1,2";
				TEST_HOST = "$(BUILT_PRODUCTS_DIR)/Storing Defualt Values.app/Storing Defualt Values";
			};
			name = Release;
		};
		92050B7624E1CADB0060171E /* Debug */ = {
			isa = XCBuildConfiguration;
			buildSettings = {
				ALWAYS_EMBED_SWIFT_STANDARD_LIBRARIES = YES;
				CODE_SIGN_STYLE = Automatic;
				INFOPLIST_FILE = "Storing Defualt ValuesUITests/Info.plist";
				LD_RUNPATH_SEARCH_PATHS = (
					"$(inherited)",
					"@executable_path/Frameworks",
					"@loader_path/Frameworks",
				);
				PRODUCT_BUNDLE_IDENTIFIER = "com.StoringDefualtValues.Storing-Defualt-ValuesUITests";
				PRODUCT_NAME = "$(TARGET_NAME)";
				SWIFT_VERSION = 5.0;
				TARGETED_DEVICE_FAMILY = "1,2";
				TEST_TARGET_NAME = "Storing Defualt Values";
			};
			name = Debug;
		};
		92050B7724E1CADB0060171E /* Release */ = {
			isa = XCBuildConfiguration;
			buildSettings = {
				ALWAYS_EMBED_SWIFT_STANDARD_LIBRARIES = YES;
				CODE_SIGN_STYLE = Automatic;
				INFOPLIST_FILE = "Storing Defualt ValuesUITests/Info.plist";
				LD_RUNPATH_SEARCH_PATHS = (
					"$(inherited)",
					"@executable_path/Frameworks",
					"@loader_path/Frameworks",
				);
				PRODUCT_BUNDLE_IDENTIFIER = "com.StoringDefualtValues.Storing-Defualt-ValuesUITests";
				PRODUCT_NAME = "$(TARGET_NAME)";
				SWIFT_VERSION = 5.0;
				TARGETED_DEVICE_FAMILY = "1,2";
				TEST_TARGET_NAME = "Storing Defualt Values";
			};
			name = Release;
		};
/* End XCBuildConfiguration section */

/* Begin XCConfigurationList section */
		92050B3D24E1CAD90060171E /* Build configuration list for PBXProject "Storing Defualt Values" */ = {
			isa = XCConfigurationList;
			buildConfigurations = (
				92050B6D24E1CADB0060171E /* Debug */,
				92050B6E24E1CADB0060171E /* Release */,
			);
			defaultConfigurationIsVisible = 0;
			defaultConfigurationName = Release;
		};
		92050B6F24E1CADB0060171E /* Build configuration list for PBXNativeTarget "Storing Defualt Values" */ = {
			isa = XCConfigurationList;
			buildConfigurations = (
				92050B7024E1CADB0060171E /* Debug */,
				92050B7124E1CADB0060171E /* Release */,
			);
			defaultConfigurationIsVisible = 0;
			defaultConfigurationName = Release;
		};
		92050B7224E1CADB0060171E /* Build configuration list for PBXNativeTarget "Storing Defualt ValuesTests" */ = {
			isa = XCConfigurationList;
			buildConfigurations = (
				92050B7324E1CADB0060171E /* Debug */,
				92050B7424E1CADB0060171E /* Release */,
			);
			defaultConfigurationIsVisible = 0;
			defaultConfigurationName = Release;
		};
		92050B7524E1CADB0060171E /* Build configuration list for PBXNativeTarget "Storing Defualt ValuesUITests" */ = {
			isa = XCConfigurationList;
			buildConfigurations = (
				92050B7624E1CADB0060171E /* Debug */,
				92050B7724E1CADB0060171E /* Release */,
			);
			defaultConfigurationIsVisible = 0;
			defaultConfigurationName = Release;
		};
/* End XCConfigurationList section */

/* Begin XCVersionGroup section */
		92050B4E24E1CAD90060171E /* Storing_Defualt_Values.xcdatamodeld */ = {
			isa = XCVersionGroup;
			children = (
				92050B4F24E1CAD90060171E /* Storing_Defualt_Values.xcdatamodel */,
			);
			currentVersion = 92050B4F24E1CAD90060171E /* Storing_Defualt_Values.xcdatamodel */;
			path = Storing_Defualt_Values.xcdatamodeld;
			sourceTree = "<group>";
			versionGroupType = wrapper.xcdatamodel;
		};
/* End XCVersionGroup section */
	};
	rootObject = 92050B3A24E1CAD90060171E /* Project object */;
}
